{
  "name": "street-view-bingo",
  "version": "1.0.0",
  "lockfileVersion": 1,
  "requires": true,
  "dependencies": {
    "@qtxr/utils": {
      "version": "1.46.0",
      "resolved": "https://registry.npmjs.org/@qtxr/utils/-/utils-1.46.0.tgz",
      "integrity": "sha512-F2wWRR0I/a3WRhDiP170gj1yFNt68cZdMRDX2fVUw+/ZZX34Z7Iuu+yj+H4fY50qRilI52t0WjJybLnEbXdExw=="
    }
  }
}
